
Microsoft Visual Studio Solution File, Format Version 12.00
# Visual Studio 2013
VisualStudioVersion = 12.0.40629.0
MinimumVisualStudioVersion = 10.0.40219.1
Project("{FAE04EC0-301F-11D3-BF4B-00C04F79EFBC}") = "common", "common\common.csproj", "{966B2A34-7502-4892-8BD9-C985C8441080}"
EndProject
Project("{2150E333-8FDC-42A3-9474-1A3956D46DE8}") = "1. Standard Queue", "1. Standard Queue", "{74725240-2A1C-4440-A852-0A97F9EA386D}"
EndProject
Project("{FAE04EC0-301F-11D3-BF4B-00C04F79EFBC}") = "StandardQueue", "StandardQueue\StandardQueue.csproj", "{FEC65F60-09C1-4D0C-9634-032CBAFA141B}"
EndProject
Project("{2150E333-8FDC-42A3-9474-1A3956D46DE8}") = "2. Worker Queue", "2. Worker Queue", "{E6A5DF01-A91C-4B00-923C-EDF2B78CEAE9}"
EndProject
Project("{FAE04EC0-301F-11D3-BF4B-00C04F79EFBC}") = "WorkerQueueConsumer", "WorkerQueueConsumer\WorkerQueueConsumer.csproj", "{03442648-FA0C-4865-8707-1E6D38FEBDC4}"
EndProject
Project("{FAE04EC0-301F-11D3-BF4B-00C04F79EFBC}") = "WorkerQueueProducer", "WorkerQueueProducer\WorkerQueueProducer.csproj", "{7F6F87CF-87D6-47A9-A6FA-1C1ABCF11CAE}"
EndProject
Project("{2150E333-8FDC-42A3-9474-1A3956D46DE8}") = "3. Publish Subscribe", "3. Publish Subscribe", "{74945181-ED88-4DE1-BE81-9923E9F3D236}"
EndProject
Project("{FAE04EC0-301F-11D3-BF4B-00C04F79EFBC}") = "PublishSubscribePublisher", "PublishSubscribePublisher\PublishSubscribePublisher.csproj", "{C2DFB63C-1336-459A-A7D8-2CB257163940}"
EndProject
Project("{FAE04EC0-301F-11D3-BF4B-00C04F79EFBC}") = "PublishSubscribeSubscriber", "PublishSubscribeSubscriber\PublishSubscribeSubscriber.csproj", "{E58E7730-2141-4E7A-9AE1-6D899950EA20}"
EndProject
Project("{2150E333-8FDC-42A3-9474-1A3956D46DE8}") = "4. Direct Routing", "4. Direct Routing", "{ACCA6941-5C3B-42A4-8B7A-D7BC00B8A0C6}"
EndProject
Project("{FAE04EC0-301F-11D3-BF4B-00C04F79EFBC}") = "DirectRoutingPublisher", "DirectRoutingPublisher\DirectRoutingPublisher.csproj", "{1F4ED612-84BB-4DDA-AFCC-5685F848EBBA}"
EndProject
Project("{FAE04EC0-301F-11D3-BF4B-00C04F79EFBC}") = "DirectRoutingSubscriber1", "DirectRoutingSubscriber1\DirectRoutingSubscriber1.csproj", "{5E2298F1-F2D0-4F5E-8E37-9328B1FA9F9F}"
EndProject
Project("{FAE04EC0-301F-11D3-BF4B-00C04F79EFBC}") = "DirectRoutingSubscriber2", "DirectRoutingSubscriber2\DirectRoutingSubscriber2.csproj", "{89C02B68-EAD7-4922-8AA7-809B787BF71A}"
EndProject
Project("{2150E333-8FDC-42A3-9474-1A3956D46DE8}") = "Payments", "Payments", "{9210AF67-0884-42B8-8541-4E086B52DE38}"
EndProject
Project("{2150E333-8FDC-42A3-9474-1A3956D46DE8}") = "Consumers", "Consumers", "{81388EE7-6B79-4E46-A966-03E6D9EA9C07}"
EndProject
Project("{FAE04EC0-301F-11D3-BF4B-00C04F79EFBC}") = "AccountsAuditConsumer", "AccountsAuditConsumer\AccountsAuditConsumer.csproj", "{737A773E-D5B9-40AD-AB40-5F69CDB4A6DA}"
EndProject
Project("{FAE04EC0-301F-11D3-BF4B-00C04F79EFBC}") = "DirectPaymentCardConsumer", "DirectPaymentCardConsumer\DirectPaymentCardConsumer.csproj", "{AA80DCA2-CF4C-48AD-A123-F95E2ECA664C}"
EndProject
Project("{FAE04EC0-301F-11D3-BF4B-00C04F79EFBC}") = "PaymentCardConsumer", "PaymentCardConsumer\PaymentCardConsumer.csproj", "{C0F626E8-15FC-492B-9C1B-58D20CCD058A}"
EndProject
Project("{FAE04EC0-301F-11D3-BF4B-00C04F79EFBC}") = "PurchaseOrderConsumer", "PurchaseOrderConsumer\PurchaseOrderConsumer.csproj", "{90179E19-301F-414C-B370-EC780D2DCA79}"
EndProject
Project("{FAE04EC0-301F-11D3-BF4B-00C04F79EFBC}") = "PaymentsAPI", "PaymentsAPI\PaymentsAPI.csproj", "{CEBD0784-33B7-4D38-A3CB-4BF92A36CD98}"
EndProject
Global
	GlobalSection(SolutionConfigurationPlatforms) = preSolution
		Debug|Any CPU = Debug|Any CPU
		Release|Any CPU = Release|Any CPU
	EndGlobalSection
	GlobalSection(ProjectConfigurationPlatforms) = postSolution
		{966B2A34-7502-4892-8BD9-C985C8441080}.Debug|Any CPU.ActiveCfg = Debug|Any CPU
		{966B2A34-7502-4892-8BD9-C985C8441080}.Debug|Any CPU.Build.0 = Debug|Any CPU
		{966B2A34-7502-4892-8BD9-C985C8441080}.Release|Any CPU.ActiveCfg = Release|Any CPU
		{966B2A34-7502-4892-8BD9-C985C8441080}.Release|Any CPU.Build.0 = Release|Any CPU
		{FEC65F60-09C1-4D0C-9634-032CBAFA141B}.Debug|Any CPU.ActiveCfg = Debug|Any CPU
		{FEC65F60-09C1-4D0C-9634-032CBAFA141B}.Debug|Any CPU.Build.0 = Debug|Any CPU
		{FEC65F60-09C1-4D0C-9634-032CBAFA141B}.Release|Any CPU.ActiveCfg = Release|Any CPU
		{FEC65F60-09C1-4D0C-9634-032CBAFA141B}.Release|Any CPU.Build.0 = Release|Any CPU
		{03442648-FA0C-4865-8707-1E6D38FEBDC4}.Debug|Any CPU.ActiveCfg = Debug|Any CPU
		{03442648-FA0C-4865-8707-1E6D38FEBDC4}.Debug|Any CPU.Build.0 = Debug|Any CPU
		{03442648-FA0C-4865-8707-1E6D38FEBDC4}.Release|Any CPU.ActiveCfg = Release|Any CPU
		{03442648-FA0C-4865-8707-1E6D38FEBDC4}.Release|Any CPU.Build.0 = Release|Any CPU
		{7F6F87CF-87D6-47A9-A6FA-1C1ABCF11CAE}.Debug|Any CPU.ActiveCfg = Debug|Any CPU
		{7F6F87CF-87D6-47A9-A6FA-1C1ABCF11CAE}.Debug|Any CPU.Build.0 = Debug|Any CPU
		{7F6F87CF-87D6-47A9-A6FA-1C1ABCF11CAE}.Release|Any CPU.ActiveCfg = Release|Any CPU
		{7F6F87CF-87D6-47A9-A6FA-1C1ABCF11CAE}.Release|Any CPU.Build.0 = Release|Any CPU
		{C2DFB63C-1336-459A-A7D8-2CB257163940}.Debug|Any CPU.ActiveCfg = Debug|Any CPU
		{C2DFB63C-1336-459A-A7D8-2CB257163940}.Debug|Any CPU.Build.0 = Debug|Any CPU
		{C2DFB63C-1336-459A-A7D8-2CB257163940}.Release|Any CPU.ActiveCfg = Release|Any CPU
		{C2DFB63C-1336-459A-A7D8-2CB257163940}.Release|Any CPU.Build.0 = Release|Any CPU
		{E58E7730-2141-4E7A-9AE1-6D899950EA20}.Debug|Any CPU.ActiveCfg = Debug|Any CPU
		{E58E7730-2141-4E7A-9AE1-6D899950EA20}.Debug|Any CPU.Build.0 = Debug|Any CPU
		{E58E7730-2141-4E7A-9AE1-6D899950EA20}.Release|Any CPU.ActiveCfg = Release|Any CPU
		{E58E7730-2141-4E7A-9AE1-6D899950EA20}.Release|Any CPU.Build.0 = Release|Any CPU
		{1F4ED612-84BB-4DDA-AFCC-5685F848EBBA}.Debug|Any CPU.ActiveCfg = Debug|Any CPU
		{1F4ED612-84BB-4DDA-AFCC-5685F848EBBA}.Debug|Any CPU.Build.0 = Debug|Any CPU
		{1F4ED612-84BB-4DDA-AFCC-5685F848EBBA}.Release|Any CPU.ActiveCfg = Release|Any CPU
		{1F4ED612-84BB-4DDA-AFCC-5685F848EBBA}.Release|Any CPU.Build.0 = Release|Any CPU
		{5E2298F1-F2D0-4F5E-8E37-9328B1FA9F9F}.Debug|Any CPU.ActiveCfg = Debug|Any CPU
		{5E2298F1-F2D0-4F5E-8E37-9328B1FA9F9F}.Debug|Any CPU.Build.0 = Debug|Any CPU
		{5E2298F1-F2D0-4F5E-8E37-9328B1FA9F9F}.Release|Any CPU.ActiveCfg = Release|Any CPU
		{5E2298F1-F2D0-4F5E-8E37-9328B1FA9F9F}.Release|Any CPU.Build.0 = Release|Any CPU
		{89C02B68-EAD7-4922-8AA7-809B787BF71A}.Debug|Any CPU.ActiveCfg = Debug|Any CPU
		{89C02B68-EAD7-4922-8AA7-809B787BF71A}.Debug|Any CPU.Build.0 = Debug|Any CPU
		{89C02B68-EAD7-4922-8AA7-809B787BF71A}.Release|Any CPU.ActiveCfg = Release|Any CPU
		{89C02B68-EAD7-4922-8AA7-809B787BF71A}.Release|Any CPU.Build.0 = Release|Any CPU
		{737A773E-D5B9-40AD-AB40-5F69CDB4A6DA}.Debug|Any CPU.ActiveCfg = Debug|Any CPU
		{737A773E-D5B9-40AD-AB40-5F69CDB4A6DA}.Debug|Any CPU.Build.0 = Debug|Any CPU
		{737A773E-D5B9-40AD-AB40-5F69CDB4A6DA}.Release|Any CPU.ActiveCfg = Release|Any CPU
		{737A773E-D5B9-40AD-AB40-5F69CDB4A6DA}.Release|Any CPU.Build.0 = Release|Any CPU
		{AA80DCA2-CF4C-48AD-A123-F95E2ECA664C}.Debug|Any CPU.ActiveCfg = Debug|Any CPU
		{AA80DCA2-CF4C-48AD-A123-F95E2ECA664C}.Debug|Any CPU.Build.0 = Debug|Any CPU
		{AA80DCA2-CF4C-48AD-A123-F95E2ECA664C}.Release|Any CPU.ActiveCfg = Release|Any CPU
		{AA80DCA2-CF4C-48AD-A123-F95E2ECA664C}.Release|Any CPU.Build.0 = Release|Any CPU
		{C0F626E8-15FC-492B-9C1B-58D20CCD058A}.Debug|Any CPU.ActiveCfg = Debug|Any CPU
		{C0F626E8-15FC-492B-9C1B-58D20CCD058A}.Debug|Any CPU.Build.0 = Debug|Any CPU
		{C0F626E8-15FC-492B-9C1B-58D20CCD058A}.Release|Any CPU.ActiveCfg = Release|Any CPU
		{C0F626E8-15FC-492B-9C1B-58D20CCD058A}.Release|Any CPU.Build.0 = Release|Any CPU
		{90179E19-301F-414C-B370-EC780D2DCA79}.Debug|Any CPU.ActiveCfg = Debug|Any CPU
		{90179E19-301F-414C-B370-EC780D2DCA79}.Debug|Any CPU.Build.0 = Debug|Any CPU
		{90179E19-301F-414C-B370-EC780D2DCA79}.Release|Any CPU.ActiveCfg = Release|Any CPU
		{90179E19-301F-414C-B370-EC780D2DCA79}.Release|Any CPU.Build.0 = Release|Any CPU
		{CEBD0784-33B7-4D38-A3CB-4BF92A36CD98}.Debug|Any CPU.ActiveCfg = Debug|Any CPU
		{CEBD0784-33B7-4D38-A3CB-4BF92A36CD98}.Debug|Any CPU.Build.0 = Debug|Any CPU
		{CEBD0784-33B7-4D38-A3CB-4BF92A36CD98}.Release|Any CPU.ActiveCfg = Release|Any CPU
		{CEBD0784-33B7-4D38-A3CB-4BF92A36CD98}.Release|Any CPU.Build.0 = Release|Any CPU
	EndGlobalSection
	GlobalSection(SolutionProperties) = preSolution
		HideSolutionNode = FALSE
	EndGlobalSection
	GlobalSection(NestedProjects) = preSolution
		{FEC65F60-09C1-4D0C-9634-032CBAFA141B} = {74725240-2A1C-4440-A852-0A97F9EA386D}
		{03442648-FA0C-4865-8707-1E6D38FEBDC4} = {E6A5DF01-A91C-4B00-923C-EDF2B78CEAE9}
		{7F6F87CF-87D6-47A9-A6FA-1C1ABCF11CAE} = {E6A5DF01-A91C-4B00-923C-EDF2B78CEAE9}
		{C2DFB63C-1336-459A-A7D8-2CB257163940} = {74945181-ED88-4DE1-BE81-9923E9F3D236}
		{E58E7730-2141-4E7A-9AE1-6D899950EA20} = {74945181-ED88-4DE1-BE81-9923E9F3D236}
		{1F4ED612-84BB-4DDA-AFCC-5685F848EBBA} = {ACCA6941-5C3B-42A4-8B7A-D7BC00B8A0C6}
		{5E2298F1-F2D0-4F5E-8E37-9328B1FA9F9F} = {ACCA6941-5C3B-42A4-8B7A-D7BC00B8A0C6}
		{89C02B68-EAD7-4922-8AA7-809B787BF71A} = {ACCA6941-5C3B-42A4-8B7A-D7BC00B8A0C6}
		{81388EE7-6B79-4E46-A966-03E6D9EA9C07} = {9210AF67-0884-42B8-8541-4E086B52DE38}
		{737A773E-D5B9-40AD-AB40-5F69CDB4A6DA} = {81388EE7-6B79-4E46-A966-03E6D9EA9C07}
		{AA80DCA2-CF4C-48AD-A123-F95E2ECA664C} = {81388EE7-6B79-4E46-A966-03E6D9EA9C07}
		{C0F626E8-15FC-492B-9C1B-58D20CCD058A} = {81388EE7-6B79-4E46-A966-03E6D9EA9C07}
		{90179E19-301F-414C-B370-EC780D2DCA79} = {81388EE7-6B79-4E46-A966-03E6D9EA9C07}
		{CEBD0784-33B7-4D38-A3CB-4BF92A36CD98} = {9210AF67-0884-42B8-8541-4E086B52DE38}
	EndGlobalSection
EndGlobal
